<?xml version="1.0" encoding="utf-8"?>
<Project ToolsVersion="4.0" xmlns="http://schemas.microsoft.com/developer/msbuild/2003">
  <ItemGroup>
    <Filter Include="源文件">
      <UniqueIdentifier>{4FC737F1-C7A5-4376-A066-2A32D752A2FF}</UniqueIdentifier>
      <Extensions>cpp;c;cc;cxx;def;odl;idl;hpj;bat;asm;asmx</Extensions>
    </Filter>
    <Filter Include="资源文件">
      <UniqueIdentifier>{67DA6AB6-F800-4c08-8B7A-83BB121AAD01}</UniqueIdentifier>
      <Extensions>rc;ico;cur;bmp;dlg;rc2;rct;bin;rgs;gif;jpg;jpeg;jpe;resx;tiff;tif;png;wav;mfcribbon-ms</Extensions>
    </Filter>
    <Filter Include="源文件\_fmtz_">
      <UniqueIdentifier>{e67e6225-60f6-4993-be99-59a0120f6164}</UniqueIdentifier>
    </Filter>
    <Filter Include="源文件\_gfx2_">
      <UniqueIdentifier>{2fe8ce3d-d38d-4c29-97c4-0bc873868cb7}</UniqueIdentifier>
    </Filter>
    <Filter Include="源文件\_gfx3_">
      <UniqueIdentifier>{dbf0a00c-ae2e-4180-a5c3-da6629f3b5cf}</UniqueIdentifier>
    </Filter>
    <Filter Include="源文件\_math_">
      <UniqueIdentifier>{ec5eb92b-ccda-4438-bfa3-e8c7ed83870c}</UniqueIdentifier>
    </Filter>
    <Filter Include="源文件\_util_">
      <UniqueIdentifier>{a0b9973c-b584-4c59-8dd1-d804618b9179}</UniqueIdentifier>
    </Filter>
    <Filter Include="源文件\ex3rd">
      <UniqueIdentifier>{13c7b4c9-7f48-4e00-be8f-65fe51403170}</UniqueIdentifier>
    </Filter>
    <Filter Include="源文件\posix">
      <UniqueIdentifier>{00b76b8f-968d-4027-8571-d2a5f4d2ec1e}</UniqueIdentifier>
    </Filter>
    <Filter Include="源文件\win32">
      <UniqueIdentifier>{f3dec7cd-2b29-4554-b641-475da1dfbc5f}</UniqueIdentifier>
    </Filter>
    <Filter Include="源文件\_fmtz_\ego">
      <UniqueIdentifier>{1bcb03c7-b82c-49a7-90cd-19bdd096854f}</UniqueIdentifier>
    </Filter>
    <Filter Include="源文件\_fmtz_\expand">
      <UniqueIdentifier>{c142c27a-066e-4afc-821c-1b0541281e69}</UniqueIdentifier>
    </Filter>
    <Filter Include="源文件\_fmtz_\falcom">
      <UniqueIdentifier>{504bc869-8d41-46a5-a516-699008ddd735}</UniqueIdentifier>
    </Filter>
    <Filter Include="源文件\_fmtz_\kirikiri">
      <UniqueIdentifier>{af5adde7-3689-432a-b8a7-4ddd8a8a6b94}</UniqueIdentifier>
    </Filter>
    <Filter Include="源文件\_fmtz_\nscripter">
      <UniqueIdentifier>{85ff909a-49c5-4ab3-94e4-8f535f467c82}</UniqueIdentifier>
    </Filter>
    <Filter Include="源文件\_fmtz_\syn">
      <UniqueIdentifier>{47996db2-d4af-4a09-913d-4183848889d9}</UniqueIdentifier>
    </Filter>
    <Filter Include="源文件\_fmtz_\tgl">
      <UniqueIdentifier>{3c35899c-cc6d-409f-8e74-71627c093456}</UniqueIdentifier>
    </Filter>
    <Filter Include="源文件\_fmtz_\tjpgdec">
      <UniqueIdentifier>{9d39836e-450a-412a-b14e-dc2fffdab7d7}</UniqueIdentifier>
    </Filter>
    <Filter Include="源文件\_util_\cjson">
      <UniqueIdentifier>{85cf4286-2056-4661-bbe5-24a1287cab81}</UniqueIdentifier>
    </Filter>
    <Filter Include="源文件\_util_\lua">
      <UniqueIdentifier>{f6186236-1f64-4176-adde-207fb2e62b7d}</UniqueIdentifier>
    </Filter>
    <Filter Include="源文件\_util_\mylua">
      <UniqueIdentifier>{e44f455a-1c49-4897-b08a-17a4249f7b0e}</UniqueIdentifier>
    </Filter>
    <Filter Include="源文件\ex3rd\bzip2">
      <UniqueIdentifier>{55b01671-6350-47b3-80f9-87f8c6ce344f}</UniqueIdentifier>
    </Filter>
    <Filter Include="源文件\ex3rd\minilzo">
      <UniqueIdentifier>{1c7c9cfb-de65-4957-86f3-722c8ddad4b3}</UniqueIdentifier>
    </Filter>
    <Filter Include="源文件\ex3rd\pkware">
      <UniqueIdentifier>{bbdd71de-6387-4822-b790-1ffddc8f3f59}</UniqueIdentifier>
    </Filter>
    <Filter Include="源文件\ex3rd\zlib">
      <UniqueIdentifier>{371fa9ab-9c8d-42a3-a6d7-ce5fcd88712f}</UniqueIdentifier>
    </Filter>
  </ItemGroup>
  <ItemGroup>
    <ClCompile Include="..\..\..\src\_fmtz_\ego\ego_gdat.c">
      <Filter>源文件\_fmtz_\ego</Filter>
    </ClCompile>
    <ClCompile Include="..\..\..\src\_fmtz_\expand\sz20.c">
      <Filter>源文件\_fmtz_\expand</Filter>
    </ClCompile>
    <ClCompile Include="..\..\..\src\_fmtz_\expand\szdd.c">
      <Filter>源文件\_fmtz_\expand</Filter>
    </ClCompile>
    <ClCompile Include="..\..\..\src\_fmtz_\falcom\flc_aia.c">
      <Filter>源文件\_fmtz_\falcom</Filter>
    </ClCompile>
    <ClCompile Include="..\..\..\src\_fmtz_\falcom\flc_nnk.c">
      <Filter>源文件\_fmtz_\falcom</Filter>
    </ClCompile>
    <ClCompile Include="..\..\..\src\_fmtz_\falcom\flc_zed.c">
      <Filter>源文件\_fmtz_\falcom</Filter>
    </ClCompile>
    <ClCompile Include="..\..\..\src\_fmtz_\kirikiri\krkr_xp3.c">
      <Filter>源文件\_fmtz_\kirikiri</Filter>
    </ClCompile>
    <ClCompile Include="..\..\..\src\_fmtz_\nscripter\nscr_dat.c">
      <Filter>源文件\_fmtz_\nscripter</Filter>
    </ClCompile>
    <ClCompile Include="..\..\..\src\_fmtz_\nscripter\nscr_nsa.c">
      <Filter>源文件\_fmtz_\nscripter</Filter>
    </ClCompile>
    <ClCompile Include="..\..\..\src\_fmtz_\nscripter\nscr_sar.c">
      <Filter>源文件\_fmtz_\nscripter</Filter>
    </ClCompile>
    <ClCompile Include="..\..\..\src\_fmtz_\syn\bgra.c">
      <Filter>源文件\_fmtz_\syn</Filter>
    </ClCompile>
    <ClCompile Include="..\..\..\src\_fmtz_\tgl\tgl_acf.c">
      <Filter>源文件\_fmtz_\tgl</Filter>
    </ClCompile>
    <ClCompile Include="..\..\..\src\_fmtz_\tgl\tgl_bmr.c">
      <Filter>源文件\_fmtz_\tgl</Filter>
    </ClCompile>
    <ClCompile Include="..\..\..\src\_fmtz_\tgl\tgl_cgr.c">
      <Filter>源文件\_fmtz_\tgl</Filter>
    </ClCompile>
    <ClCompile Include="..\..\..\src\_fmtz_\tgl\tgl_iel1.c">
      <Filter>源文件\_fmtz_\tgl</Filter>
    </ClCompile>
    <ClCompile Include="..\..\..\src\_fmtz_\tgl\tgl_ipac.c">
      <Filter>源文件\_fmtz_\tgl</Filter>
    </ClCompile>
    <ClCompile Include="..\..\..\src\_fmtz_\tgl\tgl_pac.c">
      <Filter>源文件\_fmtz_\tgl</Filter>
    </ClCompile>
    <ClCompile Include="..\..\..\src\_fmtz_\tgl\tgl_sdc.c">
      <Filter>源文件\_fmtz_\tgl</Filter>
    </ClCompile>
    <ClCompile Include="..\..\..\src\_fmtz_\tjpgdec\tjpgd.c">
      <Filter>源文件\_fmtz_\tjpgdec</Filter>
    </ClCompile>
    <ClCompile Include="..\..\..\src\_fmtz_\cr_bmp.c">
      <Filter>源文件\_fmtz_</Filter>
    </ClCompile>
    <ClCompile Include="..\..\..\src\_fmtz_\cr_dds.c">
      <Filter>源文件\_fmtz_</Filter>
    </ClCompile>
    <ClCompile Include="..\..\..\src\_fmtz_\cr_jpg.c">
      <Filter>源文件\_fmtz_</Filter>
    </ClCompile>
    <ClCompile Include="..\..\..\src\_fmtz_\cr_pcx.c">
      <Filter>源文件\_fmtz_</Filter>
    </ClCompile>
    <ClCompile Include="..\..\..\src\_fmtz_\cr_png.c">
      <Filter>源文件\_fmtz_</Filter>
    </ClCompile>
    <ClCompile Include="..\..\..\src\_fmtz_\cr_spak.c">
      <Filter>源文件\_fmtz_</Filter>
    </ClCompile>
    <ClCompile Include="..\..\..\src\_fmtz_\cr_tga.c">
      <Filter>源文件\_fmtz_</Filter>
    </ClCompile>
    <ClCompile Include="..\..\..\src\_fmtz_\cr_zip.c">
      <Filter>源文件\_fmtz_</Filter>
    </ClCompile>
    <ClCompile Include="..\..\..\src\_fmtz_\e_crhack.c">
      <Filter>源文件\_fmtz_</Filter>
    </ClCompile>
    <ClCompile Include="..\..\..\src\_fmtz_\e_dshow.c">
      <Filter>源文件\_fmtz_</Filter>
    </ClCompile>
    <ClCompile Include="..\..\..\src\_fmtz_\e_ego.c">
      <Filter>源文件\_fmtz_</Filter>
    </ClCompile>
    <ClCompile Include="..\..\..\src\_fmtz_\e_expand.c">
      <Filter>源文件\_fmtz_</Filter>
    </ClCompile>
    <ClCompile Include="..\..\..\src\_fmtz_\e_falcom.c">
      <Filter>源文件\_fmtz_</Filter>
    </ClCompile>
    <ClCompile Include="..\..\..\src\_fmtz_\e_kirikiri.c">
      <Filter>源文件\_fmtz_</Filter>
    </ClCompile>
    <ClCompile Include="..\..\..\src\_fmtz_\e_nscripter.c">
      <Filter>源文件\_fmtz_</Filter>
    </ClCompile>
    <ClCompile Include="..\..\..\src\_fmtz_\e_syn.c">
      <Filter>源文件\_fmtz_</Filter>
    </ClCompile>
    <ClCompile Include="..\..\..\src\_fmtz_\e_tgl.c">
      <Filter>源文件\_fmtz_</Filter>
    </ClCompile>
    <ClCompile Include="..\..\..\src\_gfx2_\blit_c.c">
      <Filter>源文件\_gfx2_</Filter>
    </ClCompile>
    <ClCompile Include="..\..\..\src\_gfx2_\bltint.c">
      <Filter>源文件\_gfx2_</Filter>
    </ClCompile>
    <ClCompile Include="..\..\..\src\_gfx2_\btfont.c">
      <Filter>源文件\_gfx2_</Filter>
    </ClCompile>
    <ClCompile Include="..\..\..\src\_gfx2_\draw2d.c">
      <Filter>源文件\_gfx2_</Filter>
    </ClCompile>
    <ClCompile Include="..\..\..\src\_gfx2_\dx9win.cpp">
      <Filter>源文件\_gfx2_</Filter>
    </ClCompile>
    <ClCompile Include="..\..\..\src\_gfx2_\gdiwin.c">
      <Filter>源文件\_gfx2_</Filter>
    </ClCompile>
    <ClCompile Include="..\..\..\src\_gfx2_\pixels.c">
      <Filter>源文件\_gfx2_</Filter>
    </ClCompile>
    <ClCompile Include="..\..\..\src\_gfx2_\surfmem.c">
      <Filter>源文件\_gfx2_</Filter>
    </ClCompile>
    <ClCompile Include="..\..\..\src\_gfx2_\ucfont.c">
      <Filter>源文件\_gfx2_</Filter>
    </ClCompile>
    <ClCompile Include="..\..\..\src\_gfx3_\bound.c">
      <Filter>源文件\_gfx3_</Filter>
    </ClCompile>
    <ClCompile Include="..\..\..\src\_gfx3_\camera.c">
      <Filter>源文件\_gfx3_</Filter>
    </ClCompile>
    <ClCompile Include="..\..\..\src\_gfx3_\d3d9api.cpp">
      <Filter>源文件\_gfx3_</Filter>
    </ClCompile>
    <ClCompile Include="..\..\..\src\_gfx3_\frustum.c">
      <Filter>源文件\_gfx3_</Filter>
    </ClCompile>
    <ClCompile Include="..\..\..\src\_gfx3_\heightmap.c">
      <Filter>源文件\_gfx3_</Filter>
    </ClCompile>
    <ClCompile Include="..\..\..\src\_gfx3_\interlock.c">
      <Filter>源文件\_gfx3_</Filter>
    </ClCompile>
    <ClCompile Include="..\..\..\src\_gfx3_\meshml.c">
      <Filter>源文件\_gfx3_</Filter>
    </ClCompile>
    <ClCompile Include="..\..\..\src\_gfx3_\skybox.c">
      <Filter>源文件\_gfx3_</Filter>
    </ClCompile>
    <ClCompile Include="..\..\..\src\_gfx3_\skydome.c">
      <Filter>源文件\_gfx3_</Filter>
    </ClCompile>
    <ClCompile Include="..\..\..\src\_gfx3_\skyplane.c">
      <Filter>源文件\_gfx3_</Filter>
    </ClCompile>
    <ClCompile Include="..\..\..\src\_gfx3_\terrain.c">
      <Filter>源文件\_gfx3_</Filter>
    </ClCompile>
    <ClCompile Include="..\..\..\src\_gfx3_\vcross.c">
      <Filter>源文件\_gfx3_</Filter>
    </ClCompile>
    <ClCompile Include="..\..\..\src\_gfx3_\wavefront.c">
      <Filter>源文件\_gfx3_</Filter>
    </ClCompile>
    <ClCompile Include="..\..\..\src\_math_\bspace.c">
      <Filter>源文件\_math_</Filter>
    </ClCompile>
    <ClCompile Include="..\..\..\src\_math_\combine.c">
      <Filter>源文件\_math_</Filter>
    </ClCompile>
    <ClCompile Include="..\..\..\src\_math_\complex.c">
      <Filter>源文件\_math_</Filter>
    </ClCompile>
    <ClCompile Include="..\..\..\src\_math_\conv_nxn.c">
      <Filter>源文件\_math_</Filter>
    </ClCompile>
    <ClCompile Include="..\..\..\src\_math_\ctl_pid.c">
      <Filter>源文件\_math_</Filter>
    </ClCompile>
    <ClCompile Include="..\..\..\src\_math_\cu50_r2t.c">
      <Filter>源文件\_math_</Filter>
    </ClCompile>
    <ClCompile Include="..\..\..\src\_math_\cu50_t2r.c">
      <Filter>源文件\_math_</Filter>
    </ClCompile>
    <ClCompile Include="..\..\..\src\_math_\earth.c">
      <Filter>源文件\_math_</Filter>
    </ClCompile>
    <ClCompile Include="..\..\..\src\_math_\fft1.c">
      <Filter>源文件\_math_</Filter>
    </ClCompile>
    <ClCompile Include="..\..\..\src\_math_\fir_lpass.c">
      <Filter>源文件\_math_</Filter>
    </ClCompile>
    <ClCompile Include="..\..\..\src\_math_\fir_nline.c">
      <Filter>源文件\_math_</Filter>
    </ClCompile>
    <ClCompile Include="..\..\..\src\_math_\form_nxn.c">
      <Filter>源文件\_math_</Filter>
    </ClCompile>
    <ClCompile Include="..\..\..\src\_math_\ifc67.c">
      <Filter>源文件\_math_</Filter>
    </ClCompile>
    <ClCompile Include="..\..\..\src\_math_\iif97.c">
      <Filter>源文件\_math_</Filter>
    </ClCompile>
    <ClCompile Include="..\..\..\src\_math_\iif97_1.c">
      <Filter>源文件\_math_</Filter>
    </ClCompile>
    <ClCompile Include="..\..\..\src\_math_\iif97_2.c">
      <Filter>源文件\_math_</Filter>
    </ClCompile>
    <ClCompile Include="..\..\..\src\_math_\iif97_2_3.c">
      <Filter>源文件\_math_</Filter>
    </ClCompile>
    <ClCompile Include="..\..\..\src\_math_\iif97_3.c">
      <Filter>源文件\_math_</Filter>
    </ClCompile>
    <ClCompile Include="..\..\..\src\_math_\iif97_4.c">
      <Filter>源文件\_math_</Filter>
    </ClCompile>
    <ClCompile Include="..\..\..\src\_math_\iif97_5.c">
      <Filter>源文件\_math_</Filter>
    </ClCompile>
    <ClCompile Include="..\..\..\src\_math_\imgbin.c">
      <Filter>源文件\_math_</Filter>
    </ClCompile>
    <ClCompile Include="..\..\..\src\_math_\imgclr.c">
      <Filter>源文件\_math_</Filter>
    </ClCompile>
    <ClCompile Include="..\..\..\src\_math_\kalman.c">
      <Filter>源文件\_math_</Filter>
    </ClCompile>
    <ClCompile Include="..\..\..\src\_math_\line_ops.c">
      <Filter>源文件\_math_</Filter>
    </ClCompile>
    <ClCompile Include="..\..\..\src\_math_\pf_astar.c">
      <Filter>源文件\_math_</Filter>
    </ClCompile>
    <ClCompile Include="..\..\..\src\_math_\pf_dijkstra.c">
      <Filter>源文件\_math_</Filter>
    </ClCompile>
    <ClCompile Include="..\..\..\src\_math_\pregnant.c">
      <Filter>源文件\_math_</Filter>
    </ClCompile>
    <ClCompile Include="..\..\..\src\_math_\pt100_r2t.c">
      <Filter>源文件\_math_</Filter>
    </ClCompile>
    <ClCompile Include="..\..\..\src\_math_\pt100_t2r.c">
      <Filter>源文件\_math_</Filter>
    </ClCompile>
    <ClCompile Include="..\..\..\src\_math_\radar_fmcw.c">
      <Filter>源文件\_math_</Filter>
    </ClCompile>
    <ClCompile Include="..\..\..\src\_math_\rect_ops.c">
      <Filter>源文件\_math_</Filter>
    </ClCompile>
    <ClCompile Include="..\..\..\src\_math_\rf_loc.c">
      <Filter>源文件\_math_</Filter>
    </ClCompile>
    <ClCompile Include="..\..\..\src\_math_\statistics.c">
      <Filter>源文件\_math_</Filter>
    </ClCompile>
    <ClCompile Include="..\..\..\src\_math_\tb_mv2t.c">
      <Filter>源文件\_math_</Filter>
    </ClCompile>
    <ClCompile Include="..\..\..\src\_math_\tb_t2mv.c">
      <Filter>源文件\_math_</Filter>
    </ClCompile>
    <ClCompile Include="..\..\..\src\_math_\te_mv2t.c">
      <Filter>源文件\_math_</Filter>
    </ClCompile>
    <ClCompile Include="..\..\..\src\_math_\te_t2mv.c">
      <Filter>源文件\_math_</Filter>
    </ClCompile>
    <ClCompile Include="..\..\..\src\_math_\text_ops.c">
      <Filter>源文件\_math_</Filter>
    </ClCompile>
    <ClCompile Include="..\..\..\src\_math_\tj_mv2t.c">
      <Filter>源文件\_math_</Filter>
    </ClCompile>
    <ClCompile Include="..\..\..\src\_math_\tj_t2mv.c">
      <Filter>源文件\_math_</Filter>
    </ClCompile>
    <ClCompile Include="..\..\..\src\_math_\tk_mv2t.c">
      <Filter>源文件\_math_</Filter>
    </ClCompile>
    <ClCompile Include="..\..\..\src\_math_\tk_t2mv.c">
      <Filter>源文件\_math_</Filter>
    </ClCompile>
    <ClCompile Include="..\..\..\src\_math_\tn_mv2t.c">
      <Filter>源文件\_math_</Filter>
    </ClCompile>
    <ClCompile Include="..\..\..\src\_math_\tn_t2mv.c">
      <Filter>源文件\_math_</Filter>
    </ClCompile>
    <ClCompile Include="..\..\..\src\_math_\tr_mv2t.c">
      <Filter>源文件\_math_</Filter>
    </ClCompile>
    <ClCompile Include="..\..\..\src\_math_\tr_t2mv.c">
      <Filter>源文件\_math_</Filter>
    </ClCompile>
    <ClCompile Include="..\..\..\src\_math_\ts_mv2t.c">
      <Filter>源文件\_math_</Filter>
    </ClCompile>
    <ClCompile Include="..\..\..\src\_math_\ts_t2mv.c">
      <Filter>源文件\_math_</Filter>
    </ClCompile>
    <ClCompile Include="..\..\..\src\_math_\tt_mv2t.c">
      <Filter>源文件\_math_</Filter>
    </ClCompile>
    <ClCompile Include="..\..\..\src\_math_\tt_t2mv.c">
      <Filter>源文件\_math_</Filter>
    </ClCompile>
    <ClCompile Include="..\..\..\src\_math_\vmaggeo.c">
      <Filter>源文件\_math_</Filter>
    </ClCompile>
    <ClCompile Include="..\..\..\src\_math_\winfunc.c">
      <Filter>源文件\_math_</Filter>
    </ClCompile>
    <ClCompile Include="..\..\..\src\_util_\bjnetcomm.c">
      <Filter>源文件\_util_</Filter>
    </ClCompile>
    <ClCompile Include="..\..\..\src\_util_\cpage437.c">
      <Filter>源文件\_util_</Filter>
    </ClCompile>
    <ClCompile Include="..\..\..\src\_util_\cpage720.c">
      <Filter>源文件\_util_</Filter>
    </ClCompile>
    <ClCompile Include="..\..\..\src\_util_\cpage737.c">
      <Filter>源文件\_util_</Filter>
    </ClCompile>
    <ClCompile Include="..\..\..\src\_util_\cpage771.c">
      <Filter>源文件\_util_</Filter>
    </ClCompile>
    <ClCompile Include="..\..\..\src\_util_\cpage775.c">
      <Filter>源文件\_util_</Filter>
    </ClCompile>
    <ClCompile Include="..\..\..\src\_util_\cpage850.c">
      <Filter>源文件\_util_</Filter>
    </ClCompile>
    <ClCompile Include="..\..\..\src\_util_\cpage852.c">
      <Filter>源文件\_util_</Filter>
    </ClCompile>
    <ClCompile Include="..\..\..\src\_util_\cpage855.c">
      <Filter>源文件\_util_</Filter>
    </ClCompile>
    <ClCompile Include="..\..\..\src\_util_\cpage857.c">
      <Filter>源文件\_util_</Filter>
    </ClCompile>
    <ClCompile Include="..\..\..\src\_util_\cpage860.c">
      <Filter>源文件\_util_</Filter>
    </ClCompile>
    <ClCompile Include="..\..\..\src\_util_\cpage861.c">
      <Filter>源文件\_util_</Filter>
    </ClCompile>
    <ClCompile Include="..\..\..\src\_util_\cpage862.c">
      <Filter>源文件\_util_</Filter>
    </ClCompile>
    <ClCompile Include="..\..\..\src\_util_\cpage863.c">
      <Filter>源文件\_util_</Filter>
    </ClCompile>
    <ClCompile Include="..\..\..\src\_util_\cpage864.c">
      <Filter>源文件\_util_</Filter>
    </ClCompile>
    <ClCompile Include="..\..\..\src\_util_\cpage865.c">
      <Filter>源文件\_util_</Filter>
    </ClCompile>
    <ClCompile Include="..\..\..\src\_util_\cpage866.c">
      <Filter>源文件\_util_</Filter>
    </ClCompile>
    <ClCompile Include="..\..\..\src\_util_\cpage869.c">
      <Filter>源文件\_util_</Filter>
    </ClCompile>
    <ClCompile Include="..\..\..\src\_util_\cpage932.c">
      <Filter>源文件\_util_</Filter>
    </ClCompile>
    <ClCompile Include="..\..\..\src\_util_\cpage936.c">
      <Filter>源文件\_util_</Filter>
    </ClCompile>
    <ClCompile Include="..\..\..\src\_util_\cpage949.c">
      <Filter>源文件\_util_</Filter>
    </ClCompile>
    <ClCompile Include="..\..\..\src\_util_\cpage950.c">
      <Filter>源文件\_util_</Filter>
    </ClCompile>
    <ClCompile Include="..\..\..\src\_util_\filelib.c">
      <Filter>源文件\_util_</Filter>
    </ClCompile>
    <ClCompile Include="..\..\..\src\_util_\holidays.c">
      <Filter>源文件\_util_</Filter>
    </ClCompile>
    <ClCompile Include="..\..\..\src\_util_\httplib.c">
      <Filter>源文件\_util_</Filter>
    </ClCompile>
    <ClCompile Include="..\..\..\src\_util_\rfgeo.c">
      <Filter>源文件\_util_</Filter>
    </ClCompile>
    <ClCompile Include="..\..\..\src\_util_\rfgeo_average.c">
      <Filter>源文件\_util_</Filter>
    </ClCompile>
    <ClCompile Include="..\..\..\src\_util_\rfgeo_evals.c">
      <Filter>源文件\_util_</Filter>
    </ClCompile>
    <ClCompile Include="..\..\..\src\_util_\rfgeo_float.c">
      <Filter>源文件\_util_</Filter>
    </ClCompile>
    <ClCompile Include="..\..\..\src\_util_\rfgeo_gate9.c">
      <Filter>源文件\_util_</Filter>
    </ClCompile>
    <ClCompile Include="..\..\..\src\_util_\rfgeo_halo.c">
      <Filter>源文件\_util_</Filter>
    </ClCompile>
    <ClCompile Include="..\..\..\src\_util_\rfgeo_judge.c">
      <Filter>源文件\_util_</Filter>
    </ClCompile>
    <ClCompile Include="..\..\..\src\_util_\rfgeo_kalman.c">
      <Filter>源文件\_util_</Filter>
    </ClCompile>
    <ClCompile Include="..\..\..\src\_util_\rfgeo_lpass.c">
      <Filter>源文件\_util_</Filter>
    </ClCompile>
    <ClCompile Include="..\..\..\src\_util_\rfgeo_median.c">
      <Filter>源文件\_util_</Filter>
    </ClCompile>
    <ClCompile Include="..\..\..\src\_util_\rfgeo_tempc.c">
      <Filter>源文件\_util_</Filter>
    </ClCompile>
    <ClCompile Include="..\..\..\src\_util_\rfgeo_total.c">
      <Filter>源文件\_util_</Filter>
    </ClCompile>
    <ClCompile Include="..\..\..\src\_util_\rfgeo_vector.c">
      <Filter>源文件\_util_</Filter>
    </ClCompile>
    <ClCompile Include="..\..\..\src\_util_\cjson\cJSON.c">
      <Filter>源文件\_util_\cjson</Filter>
    </ClCompile>
    <ClCompile Include="..\..\..\src\_util_\cjson\cJSON_Utils.c">
      <Filter>源文件\_util_\cjson</Filter>
    </ClCompile>
    <ClCompile Include="..\..\..\src\_util_\lua\lapi.c">
      <Filter>源文件\_util_\lua</Filter>
    </ClCompile>
    <ClCompile Include="..\..\..\src\_util_\lua\lauxlib.c">
      <Filter>源文件\_util_\lua</Filter>
    </ClCompile>
    <ClCompile Include="..\..\..\src\_util_\lua\lbaselib.c">
      <Filter>源文件\_util_\lua</Filter>
    </ClCompile>
    <ClCompile Include="..\..\..\src\_util_\lua\lbitlib.c">
      <Filter>源文件\_util_\lua</Filter>
    </ClCompile>
    <ClCompile Include="..\..\..\src\_util_\lua\lcode.c">
      <Filter>源文件\_util_\lua</Filter>
    </ClCompile>
    <ClCompile Include="..\..\..\src\_util_\lua\lcorolib.c">
      <Filter>源文件\_util_\lua</Filter>
    </ClCompile>
    <ClCompile Include="..\..\..\src\_util_\lua\lctype.c">
      <Filter>源文件\_util_\lua</Filter>
    </ClCompile>
    <ClCompile Include="..\..\..\src\_util_\lua\ldblib.c">
      <Filter>源文件\_util_\lua</Filter>
    </ClCompile>
    <ClCompile Include="..\..\..\src\_util_\lua\ldebug.c">
      <Filter>源文件\_util_\lua</Filter>
    </ClCompile>
    <ClCompile Include="..\..\..\src\_util_\lua\ldo.c">
      <Filter>源文件\_util_\lua</Filter>
    </ClCompile>
    <ClCompile Include="..\..\..\src\_util_\lua\ldump.c">
      <Filter>源文件\_util_\lua</Filter>
    </ClCompile>
    <ClCompile Include="..\..\..\src\_util_\lua\lfunc.c">
      <Filter>源文件\_util_\lua</Filter>
    </ClCompile>
    <ClCompile Include="..\..\..\src\_util_\lua\lgc.c">
      <Filter>源文件\_util_\lua</Filter>
    </ClCompile>
    <ClCompile Include="..\..\..\src\_util_\lua\linit.c">
      <Filter>源文件\_util_\lua</Filter>
    </ClCompile>
    <ClCompile Include="..\..\..\src\_util_\lua\liolib.c">
      <Filter>源文件\_util_\lua</Filter>
    </ClCompile>
    <ClCompile Include="..\..\..\src\_util_\lua\llex.c">
      <Filter>源文件\_util_\lua</Filter>
    </ClCompile>
    <ClCompile Include="..\..\..\src\_util_\lua\lmathlib.c">
      <Filter>源文件\_util_\lua</Filter>
    </ClCompile>
    <ClCompile Include="..\..\..\src\_util_\lua\lmem.c">
      <Filter>源文件\_util_\lua</Filter>
    </ClCompile>
    <ClCompile Include="..\..\..\src\_util_\lua\loadlib.c">
      <Filter>源文件\_util_\lua</Filter>
    </ClCompile>
    <ClCompile Include="..\..\..\src\_util_\lua\lobject.c">
      <Filter>源文件\_util_\lua</Filter>
    </ClCompile>
    <ClCompile Include="..\..\..\src\_util_\lua\lopcodes.c">
      <Filter>源文件\_util_\lua</Filter>
    </ClCompile>
    <ClCompile Include="..\..\..\src\_util_\lua\loslib.c">
      <Filter>源文件\_util_\lua</Filter>
    </ClCompile>
    <ClCompile Include="..\..\..\src\_util_\lua\lparser.c">
      <Filter>源文件\_util_\lua</Filter>
    </ClCompile>
    <ClCompile Include="..\..\..\src\_util_\lua\lstate.c">
      <Filter>源文件\_util_\lua</Filter>
    </ClCompile>
    <ClCompile Include="..\..\..\src\_util_\lua\lstring.c">
      <Filter>源文件\_util_\lua</Filter>
    </ClCompile>
    <ClCompile Include="..\..\..\src\_util_\lua\lstrlib.c">
      <Filter>源文件\_util_\lua</Filter>
    </ClCompile>
    <ClCompile Include="..\..\..\src\_util_\lua\ltable.c">
      <Filter>源文件\_util_\lua</Filter>
    </ClCompile>
    <ClCompile Include="..\..\..\src\_util_\lua\ltablib.c">
      <Filter>源文件\_util_\lua</Filter>
    </ClCompile>
    <ClCompile Include="..\..\..\src\_util_\lua\ltm.c">
      <Filter>源文件\_util_\lua</Filter>
    </ClCompile>
    <ClCompile Include="..\..\..\src\_util_\lua\lundump.c">
      <Filter>源文件\_util_\lua</Filter>
    </ClCompile>
    <ClCompile Include="..\..\..\src\_util_\lua\lutf8lib.c">
      <Filter>源文件\_util_\lua</Filter>
    </ClCompile>
    <ClCompile Include="..\..\..\src\_util_\lua\lvm.c">
      <Filter>源文件\_util_\lua</Filter>
    </ClCompile>
    <ClCompile Include="..\..\..\src\_util_\lua\lzio.c">
      <Filter>源文件\_util_\lua</Filter>
    </ClCompile>
    <ClCompile Include="..\..\..\src\_util_\mylua\mylua_tools.c">
      <Filter>源文件\_util_\mylua</Filter>
    </ClCompile>
    <ClCompile Include="..\..\..\src\ex3rd\bzip2\bz_blocksort.c">
      <Filter>源文件\ex3rd\bzip2</Filter>
    </ClCompile>
    <ClCompile Include="..\..\..\src\ex3rd\bzip2\bz_bzlib.c">
      <Filter>源文件\ex3rd\bzip2</Filter>
    </ClCompile>
    <ClCompile Include="..\..\..\src\ex3rd\bzip2\bz_compress.c">
      <Filter>源文件\ex3rd\bzip2</Filter>
    </ClCompile>
    <ClCompile Include="..\..\..\src\ex3rd\bzip2\bz_decompress.c">
      <Filter>源文件\ex3rd\bzip2</Filter>
    </ClCompile>
    <ClCompile Include="..\..\..\src\ex3rd\bzip2\bz_huffman.c">
      <Filter>源文件\ex3rd\bzip2</Filter>
    </ClCompile>
    <ClCompile Include="..\..\..\src\ex3rd\bzip2\bz_randtable.c">
      <Filter>源文件\ex3rd\bzip2</Filter>
    </ClCompile>
    <ClCompile Include="..\..\..\src\ex3rd\minilzo\minilzo.c">
      <Filter>源文件\ex3rd\minilzo</Filter>
    </ClCompile>
    <ClCompile Include="..\..\..\src\ex3rd\pkware\explode.c">
      <Filter>源文件\ex3rd\pkware</Filter>
    </ClCompile>
    <ClCompile Include="..\..\..\src\ex3rd\pkware\implode.c">
      <Filter>源文件\ex3rd\pkware</Filter>
    </ClCompile>
    <ClCompile Include="..\..\..\src\ex3rd\zlib\z_adler32.c">
      <Filter>源文件\ex3rd\zlib</Filter>
    </ClCompile>
    <ClCompile Include="..\..\..\src\ex3rd\zlib\z_compress.c">
      <Filter>源文件\ex3rd\zlib</Filter>
    </ClCompile>
    <ClCompile Include="..\..\..\src\ex3rd\zlib\z_deflate.c">
      <Filter>源文件\ex3rd\zlib</Filter>
    </ClCompile>
    <ClCompile Include="..\..\..\src\ex3rd\zlib\z_infback.c">
      <Filter>源文件\ex3rd\zlib</Filter>
    </ClCompile>
    <ClCompile Include="..\..\..\src\ex3rd\zlib\z_inffast.c">
      <Filter>源文件\ex3rd\zlib</Filter>
    </ClCompile>
    <ClCompile Include="..\..\..\src\ex3rd\zlib\z_inflate.c">
      <Filter>源文件\ex3rd\zlib</Filter>
    </ClCompile>
    <ClCompile Include="..\..\..\src\ex3rd\zlib\z_inftrees.c">
      <Filter>源文件\ex3rd\zlib</Filter>
    </ClCompile>
    <ClCompile Include="..\..\..\src\ex3rd\zlib\z_trees.c">
      <Filter>源文件\ex3rd\zlib</Filter>
    </ClCompile>
    <ClCompile Include="..\..\..\src\ex3rd\zlib\z_uncompr.c">
      <Filter>源文件\ex3rd\zlib</Filter>
    </ClCompile>
    <ClCompile Include="..\..\..\src\ex3rd\zlib\z_zutil.c">
      <Filter>源文件\ex3rd\zlib</Filter>
    </ClCompile>
    <ClCompile Include="..\..\..\src\win32\appwin.c">
      <Filter>源文件\win32</Filter>
    </ClCompile>
    <ClCompile Include="..\..\..\src\win32\codepage.c">
      <Filter>源文件\win32</Filter>
    </ClCompile>
    <ClCompile Include="..\..\..\src\win32\counter.c">
      <Filter>源文件\win32</Filter>
    </ClCompile>
    <ClCompile Include="..\..\..\src\win32\cuiwin.c">
      <Filter>源文件\win32</Filter>
    </ClCompile>
    <ClCompile Include="..\..\..\src\win32\dllwin.c">
      <Filter>源文件\win32</Filter>
    </ClCompile>
    <ClCompile Include="..\..\..\src\win32\filewin.c">
      <Filter>源文件\win32</Filter>
    </ClCompile>
    <ClCompile Include="..\..\..\src\win32\fsyswin.c">
      <Filter>源文件\win32</Filter>
    </ClCompile>
    <ClCompile Include="..\..\..\src\win32\memwin.c">
      <Filter>源文件\win32</Filter>
    </ClCompile>
    <ClCompile Include="..\..\..\src\win32\netwin.c">
      <Filter>源文件\win32</Filter>
    </ClCompile>
    <ClCompile Include="..\..\..\src\win32\network.c">
      <Filter>源文件\win32</Filter>
    </ClCompile>
    <ClCompile Include="..\..\..\src\win32\rtcwin.c">
      <Filter>源文件\win32</Filter>
    </ClCompile>
    <ClCompile Include="..\..\..\src\win32\siowin.c">
      <Filter>源文件\win32</Filter>
    </ClCompile>
    <ClCompile Include="..\..\..\src\win32\thread.c">
      <Filter>源文件\win32</Filter>
    </ClCompile>
    <ClCompile Include="..\..\..\src\win32\wingui.c">
      <Filter>源文件\win32</Filter>
    </ClCompile>
    <ClCompile Include="..\..\..\src\win32\wrapper.c">
      <Filter>源文件\win32</Filter>
    </ClCompile>
    <ClCompile Include="..\..\..\src\win32\xmmwin.c">
      <Filter>源文件\win32</Filter>
    </ClCompile>
    <ClCompile Include="..\..\..\src\win32\dshow2.cpp">
      <Filter>源文件\win32</Filter>
    </ClCompile>
    <ClCompile Include="..\..\..\src\posix\filestd.c">
      <Filter>源文件\posix</Filter>
    </ClCompile>
    <ClCompile Include="..\..\..\src\posix\strfmt.c">
      <Filter>源文件\posix</Filter>
    </ClCompile>
    <ClCompile Include="..\..\..\src\adler32.c">
      <Filter>源文件</Filter>
    </ClCompile>
    <ClCompile Include="..\..\..\src\aes.c">
      <Filter>源文件</Filter>
    </ClCompile>
    <ClCompile Include="..\..\..\src\anubis.c">
      <Filter>源文件</Filter>
    </ClCompile>
    <ClCompile Include="..\..\..\src\applib.c">
      <Filter>源文件</Filter>
    </ClCompile>
    <ClCompile Include="..\..\..\src\array.c">
      <Filter>源文件</Filter>
    </ClCompile>
    <ClCompile Include="..\..\..\src\atree.c">
      <Filter>源文件</Filter>
    </ClCompile>
    <ClCompile Include="..\..\..\src\base16.c">
      <Filter>源文件</Filter>
    </ClCompile>
    <ClCompile Include="..\..\..\src\base32.c">
      <Filter>源文件</Filter>
    </ClCompile>
    <ClCompile Include="..\..\..\src\base64.c">
      <Filter>源文件</Filter>
    </ClCompile>
    <ClCompile Include="..\..\..\src\bigint.c">
      <Filter>源文件</Filter>
    </ClCompile>
    <ClCompile Include="..\..\..\src\bitfont.c">
      <Filter>源文件</Filter>
    </ClCompile>
    <ClCompile Include="..\..\..\src\blowfish.c">
      <Filter>源文件</Filter>
    </ClCompile>
    <ClCompile Include="..\..\..\src\bring.c">
      <Filter>源文件</Filter>
    </ClCompile>
    <ClCompile Include="..\..\..\src\bzz5.c">
      <Filter>源文件</Filter>
    </ClCompile>
    <ClCompile Include="..\..\..\src\cast5.c">
      <Filter>源文件</Filter>
    </ClCompile>
    <ClCompile Include="..\..\..\src\cast6.c">
      <Filter>源文件</Filter>
    </ClCompile>
    <ClCompile Include="..\..\..\src\chksum.c">
      <Filter>源文件</Filter>
    </ClCompile>
    <ClCompile Include="..\..\..\src\clipper.c">
      <Filter>源文件</Filter>
    </ClCompile>
    <ClCompile Include="..\..\..\src\code128.c">
      <Filter>源文件</Filter>
    </ClCompile>
    <ClCompile Include="..\..\..\src\comp_bz2.c">
      <Filter>源文件</Filter>
    </ClCompile>
    <ClCompile Include="..\..\..\src\comp_lzo.c">
      <Filter>源文件</Filter>
    </ClCompile>
    <ClCompile Include="..\..\..\src\comp_pk.c">
      <Filter>源文件</Filter>
    </ClCompile>
    <ClCompile Include="..\..\..\src\comp_z.c">
      <Filter>源文件</Filter>
    </ClCompile>
    <ClCompile Include="..\..\..\src\crc7.c">
      <Filter>源文件</Filter>
    </ClCompile>
    <ClCompile Include="..\..\..\src\crc8a.c">
      <Filter>源文件</Filter>
    </ClCompile>
    <ClCompile Include="..\..\..\src\crc8d.c">
      <Filter>源文件</Filter>
    </ClCompile>
    <ClCompile Include="..\..\..\src\crc16c.c">
      <Filter>源文件</Filter>
    </ClCompile>
    <ClCompile Include="..\..\..\src\crc16h.c">
      <Filter>源文件</Filter>
    </ClCompile>
    <ClCompile Include="..\..\..\src\crc16i.c">
      <Filter>源文件</Filter>
    </ClCompile>
    <ClCompile Include="..\..\..\src\crc32a.c">
      <Filter>源文件</Filter>
    </ClCompile>
    <ClCompile Include="..\..\..\src\crc32c.c">
      <Filter>源文件</Filter>
    </ClCompile>
    <ClCompile Include="..\..\..\src\crc32h.c">
      <Filter>源文件</Filter>
    </ClCompile>
    <ClCompile Include="..\..\..\src\crc32i.c">
      <Filter>源文件</Filter>
    </ClCompile>
    <ClCompile Include="..\..\..\src\crc64e.c">
      <Filter>源文件</Filter>
    </ClCompile>
    <ClCompile Include="..\..\..\src\crhack.c">
      <Filter>源文件</Filter>
    </ClCompile>
    <ClCompile Include="..\..\..\src\crypto.c">
      <Filter>源文件</Filter>
    </ClCompile>
    <ClCompile Include="..\..\..\src\curbead.c">
      <Filter>源文件</Filter>
    </ClCompile>
    <ClCompile Include="..\..\..\src\curtain.c">
      <Filter>源文件</Filter>
    </ClCompile>
    <ClCompile Include="..\..\..\src\d3dfmt.c">
      <Filter>源文件</Filter>
    </ClCompile>
    <ClCompile Include="..\..\..\src\datio.c">
      <Filter>源文件</Filter>
    </ClCompile>
    <ClCompile Include="..\..\..\src\defs.c">
      <Filter>源文件</Filter>
    </ClCompile>
    <ClCompile Include="..\..\..\src\delay.c">
      <Filter>源文件</Filter>
    </ClCompile>
    <ClCompile Include="..\..\..\src\des.c">
      <Filter>源文件</Filter>
    </ClCompile>
    <ClCompile Include="..\..\..\src\devlib.c">
      <Filter>源文件</Filter>
    </ClCompile>
    <ClCompile Include="..\..\..\src\dskin.c">
      <Filter>源文件</Filter>
    </ClCompile>
    <ClCompile Include="..\..\..\src\dskot.c">
      <Filter>源文件</Filter>
    </ClCompile>
    <ClCompile Include="..\..\..\src\ecc_st.c">
      <Filter>源文件</Filter>
    </ClCompile>
    <ClCompile Include="..\..\..\src\ecc256.c">
      <Filter>源文件</Filter>
    </ClCompile>
    <ClCompile Include="..\..\..\src\ecc512.c">
      <Filter>源文件</Filter>
    </ClCompile>
    <ClCompile Include="..\..\..\src\emule.c">
      <Filter>源文件</Filter>
    </ClCompile>
    <ClCompile Include="..\..\..\src\enclib.c">
      <Filter>源文件</Filter>
    </ClCompile>
    <ClCompile Include="..\..\..\src\errs.c">
      <Filter>源文件</Filter>
    </ClCompile>
    <ClCompile Include="..\..\..\src\filein.c">
      <Filter>源文件</Filter>
    </ClCompile>
    <ClCompile Include="..\..\..\src\fileio.c">
      <Filter>源文件</Filter>
    </ClCompile>
    <ClCompile Include="..\..\..\src\fmtlib.c">
      <Filter>源文件</Filter>
    </ClCompile>
    <ClCompile Include="..\..\..\src\fpsoft.c">
      <Filter>源文件</Filter>
    </ClCompile>
    <ClCompile Include="..\..\..\src\fsm_n.c">
      <Filter>源文件</Filter>
    </ClCompile>
    <ClCompile Include="..\..\..\src\fsm_x.c">
      <Filter>源文件</Filter>
    </ClCompile>
    <ClCompile Include="..\..\..\src\hash.c">
      <Filter>源文件</Filter>
    </ClCompile>
    <ClCompile Include="..\..\..\src\hashc.c">
      <Filter>源文件</Filter>
    </ClCompile>
    <ClCompile Include="..\..\..\src\hashx.c">
      <Filter>源文件</Filter>
    </ClCompile>
    <ClCompile Include="..\..\..\src\idea.c">
      <Filter>源文件</Filter>
    </ClCompile>
    <ClCompile Include="..\..\..\src\image.c">
      <Filter>源文件</Filter>
    </ClCompile>
    <ClCompile Include="..\..\..\src\lz32.c">
      <Filter>源文件</Filter>
    </ClCompile>
    <ClCompile Include="..\..\..\src\lzari.c">
      <Filter>源文件</Filter>
    </ClCompile>
    <ClCompile Include="..\..\..\src\lzhuf.c">
      <Filter>源文件</Filter>
    </ClCompile>
    <ClCompile Include="..\..\..\src\lzss.c">
      <Filter>源文件</Filter>
    </ClCompile>
    <ClCompile Include="..\..\..\src\lzw.c">
      <Filter>源文件</Filter>
    </ClCompile>
    <ClCompile Include="..\..\..\src\md2.c">
      <Filter>源文件</Filter>
    </ClCompile>
    <ClCompile Include="..\..\..\src\md4.c">
      <Filter>源文件</Filter>
    </ClCompile>
    <ClCompile Include="..\..\..\src\md5.c">
      <Filter>源文件</Filter>
    </ClCompile>
    <ClCompile Include="..\..\..\src\memin.c">
      <Filter>源文件</Filter>
    </ClCompile>
    <ClCompile Include="..\..\..\src\memlib.c">
      <Filter>源文件</Filter>
    </ClCompile>
    <ClCompile Include="..\..\..\src\memot.c">
      <Filter>源文件</Filter>
    </ClCompile>
    <ClCompile Include="..\..\..\src\mltbyte.c">
      <Filter>源文件</Filter>
    </ClCompile>
    <ClCompile Include="..\..\..\src\msclib.c">
      <Filter>源文件</Filter>
    </ClCompile>
    <ClCompile Include="..\..\..\src\pagein.c">
      <Filter>源文件</Filter>
    </ClCompile>
    <ClCompile Include="..\..\..\src\pixelz.c">
      <Filter>源文件</Filter>
    </ClCompile>
    <ClCompile Include="..\..\..\src\pltable.c">
      <Filter>源文件</Filter>
    </ClCompile>
    <ClCompile Include="..\..\..\src\plugin.c">
      <Filter>源文件</Filter>
    </ClCompile>
    <ClCompile Include="..\..\..\src\rc2.c">
      <Filter>源文件</Filter>
    </ClCompile>
    <ClCompile Include="..\..\..\src\rc4.c">
      <Filter>源文件</Filter>
    </ClCompile>
    <ClCompile Include="..\..\..\src\rmd128.c">
      <Filter>源文件</Filter>
    </ClCompile>
    <ClCompile Include="..\..\..\src\rmd160.c">
      <Filter>源文件</Filter>
    </ClCompile>
    <ClCompile Include="..\..\..\src\rmd256.c">
      <Filter>源文件</Filter>
    </ClCompile>
    <ClCompile Include="..\..\..\src\rmd320.c">
      <Filter>源文件</Filter>
    </ClCompile>
    <ClCompile Include="..\..\..\src\rsa.c">
      <Filter>源文件</Filter>
    </ClCompile>
    <ClCompile Include="..\..\..\src\rtcfmt.c">
      <Filter>源文件</Filter>
    </ClCompile>
    <ClCompile Include="..\..\..\src\rtclib.c">
      <Filter>源文件</Filter>
    </ClCompile>
    <ClCompile Include="..\..\..\src\segdpy.c">
      <Filter>源文件</Filter>
    </ClCompile>
    <ClCompile Include="..\..\..\src\sha1.c">
      <Filter>源文件</Filter>
    </ClCompile>
    <ClCompile Include="..\..\..\src\sha256.c">
      <Filter>源文件</Filter>
    </ClCompile>
    <ClCompile Include="..\..\..\src\sha512.c">
      <Filter>源文件</Filter>
    </ClCompile>
    <ClCompile Include="..\..\..\src\slist.c">
      <Filter>源文件</Filter>
    </ClCompile>
    <ClCompile Include="..\..\..\src\stringa.c">
      <Filter>源文件</Filter>
    </ClCompile>
    <ClCompile Include="..\..\..\src\stringw.c">
      <Filter>源文件</Filter>
    </ClCompile>
    <ClCompile Include="..\..\..\src\tea.c">
      <Filter>源文件</Filter>
    </ClCompile>
    <ClCompile Include="..\..\..\src\twofish.c">
      <Filter>源文件</Filter>
    </ClCompile>
    <ClCompile Include="..\..\..\src\ui_align.c">
      <Filter>源文件</Filter>
    </ClCompile>
    <ClCompile Include="..\..\..\src\ui_resrc.c">
      <Filter>源文件</Filter>
    </ClCompile>
    <ClCompile Include="..\..\..\src\unicode.c">
      <Filter>源文件</Filter>
    </ClCompile>
    <ClCompile Include="..\..\..\src\uue.c">
      <Filter>源文件</Filter>
    </ClCompile>
    <ClCompile Include="..\..\..\src\xmlcall.c">
      <Filter>源文件</Filter>
    </ClCompile>
    <ClCompile Include="..\..\..\src\xtea.c">
      <Filter>源文件</Filter>
    </ClCompile>
    <ClCompile Include="..\..\..\src\xxe.c">
      <Filter>源文件</Filter>
    </ClCompile>
    <ClCompile Include="..\..\..\src\xxtea.c">
      <Filter>源文件</Filter>
    </ClCompile>
  </ItemGroup>
  <ItemGroup>
    <ResourceCompile Include="..\..\..\mak\version.rc">
      <Filter>资源文件</Filter>
    </ResourceCompile>
  </ItemGroup>
</Project>