
Microsoft Visual Studio Solution File, Format Version 11.00
# Visual Studio 2010
Project("{8BC9CEB8-8B4A-11D0-8D11-00A0C91BC942}") = "CrHack", "CrHack.vcxproj", "{2EED7E81-F05F-49B5-9A2B-38376AC3A03A}"
EndProject
Global
	GlobalSection(SolutionConfigurationPlatforms) = preSolution
		Release|Win32 = Release|Win32
	EndGlobalSection
	GlobalSection(ProjectConfigurationPlatforms) = postSolution
		{2EED7E81-F05F-49B5-9A2B-38376AC3A03A}.Release|Win32.ActiveCfg = Release|Win32
		{2EED7E81-F05F-49B5-9A2B-38376AC3A03A}.Release|Win32.Build.0 = Release|Win32
	EndGlobalSection
	GlobalSection(SolutionProperties) = preSolution
		HideSolutionNode = FALSE
	EndGlobalSection
EndGlobal
